
Microsoft Visual Studio Solution File, Format Version 12.00
# Visual Studio Version 17
VisualStudioVersion = 17.12.35514.174 d17.12
MinimumVisualStudioVersion = 10.0.40219.1
Project("{FAE04EC0-301F-11D3-BF4B-00C04F79EFBC}") = "InterviewApp", "InterviewApp\InterviewApp.csproj", "{5570AA40-1E4C-4338-B637-CAB9F9232A11}"
EndProject
Project("{FAE04EC0-301F-11D3-BF4B-00C04F79EFBC}") = "InterviewAppTests", "InterviewAppTests\InterviewAppTests.csproj", "{3C129756-4037-41E6-BF2E-E8B0CB2E81D3}"
EndProject
Global
	GlobalSection(SolutionConfigurationPlatforms) = preSolution
		Debug|Any CPU = Debug|Any CPU
		Release|Any CPU = Release|Any CPU
	EndGlobalSection
	GlobalSection(ProjectConfigurationPlatforms) = postSolution
		{5570AA40-1E4C-4338-B637-CAB9F9232A11}.Debug|Any CPU.ActiveCfg = Debug|Any CPU
		{5570AA40-1E4C-4338-B637-CAB9F9232A11}.Debug|Any CPU.Build.0 = Debug|Any CPU
		{5570AA40-1E4C-4338-B637-CAB9F9232A11}.Release|Any CPU.ActiveCfg = Release|Any CPU
		{5570AA40-1E4C-4338-B637-CAB9F9232A11}.Release|Any CPU.Build.0 = Release|Any CPU
		{3C129756-4037-41E6-BF2E-E8B0CB2E81D3}.Debug|Any CPU.ActiveCfg = Debug|Any CPU
		{3C129756-4037-41E6-BF2E-E8B0CB2E81D3}.Debug|Any CPU.Build.0 = Debug|Any CPU
		{3C129756-4037-41E6-BF2E-E8B0CB2E81D3}.Release|Any CPU.ActiveCfg = Release|Any CPU
		{3C129756-4037-41E6-BF2E-E8B0CB2E81D3}.Release|Any CPU.Build.0 = Release|Any CPU
	EndGlobalSection
	GlobalSection(SolutionProperties) = preSolution
		HideSolutionNode = FALSE
	EndGlobalSection
EndGlobal
